// !$*UTF8*$!
{
	archiveVersion = 1;
	classes = {
	};
	objectVersion = 56;
	objects = {

/* Begin PBXBuildFile section */
		A4E74E052996BAC100981407 /* AppDelegate.swift in Sources */ = {isa = PBXBuildFile; fileRef = A4E74E042996BAC100981407 /* AppDelegate.swift */; };
		A4E74E072996BAC100981407 /* SceneDelegate.swift in Sources */ = {isa = PBXBuildFile; fileRef = A4E74E062996BAC100981407 /* SceneDelegate.swift */; };
		A4E74E092996BAC100981407 /* CountriesListPresenter.swift in Sources */ = {isa = PBXBuildFile; fileRef = A4E74E082996BAC100981407 /* CountriesListPresenter.swift */; };
		A4E74E0E2996BAC300981407 /* Assets.xcassets in Resources */ = {isa = PBXBuildFile; fileRef = A4E74E0D2996BAC300981407 /* Assets.xcassets */; };
		A4E74E112996BAC300981407 /* LaunchScreen.storyboard in Resources */ = {isa = PBXBuildFile; fileRef = A4E74E0F2996BAC300981407 /* LaunchScreen.storyboard */; };
		A4E74E1D2996BCC900981407 /* Country.swift in Sources */ = {isa = PBXBuildFile; fileRef = A4E74E1C2996BCC900981407 /* Country.swift */; };
		A4E74E202996CB8200981407 /* Request.swift in Sources */ = {isa = PBXBuildFile; fileRef = A4E74E1F2996CB8200981407 /* Request.swift */; };
		A4E74E222996CEB600981407 /* Network.swift in Sources */ = {isa = PBXBuildFile; fileRef = A4E74E212996CEB600981407 /* Network.swift */; };
		A4E74E242996D33400981407 /* Service.swift in Sources */ = {isa = PBXBuildFile; fileRef = A4E74E232996D33400981407 /* Service.swift */; };
		A4ECE93C2997D56200E4FD3B /* Collection+Ext.swift in Sources */ = {isa = PBXBuildFile; fileRef = A4ECE93B2997D56200E4FD3B /* Collection+Ext.swift */; };
		A4ECE9402997DF1C00E4FD3B /* CountriesListProtocols.swift in Sources */ = {isa = PBXBuildFile; fileRef = A4ECE93F2997DF1C00E4FD3B /* CountriesListProtocols.swift */; };
		A4ECE9422997DF6A00E4FD3B /* CountriesListState.swift in Sources */ = {isa = PBXBuildFile; fileRef = A4ECE9412997DF6A00E4FD3B /* CountriesListState.swift */; };
		A4ECE9442997DF8100E4FD3B /* CountriesListViewController.swift in Sources */ = {isa = PBXBuildFile; fileRef = A4ECE9432997DF8100E4FD3B /* CountriesListViewController.swift */; };
		A4ECE9462997DF9A00E4FD3B /* CountriesListView.swift in Sources */ = {isa = PBXBuildFile; fileRef = A4ECE9452997DF9A00E4FD3B /* CountriesListView.swift */; };
		A4ECE9482997DFB500E4FD3B /* CountriesListDataSource.swift in Sources */ = {isa = PBXBuildFile; fileRef = A4ECE9472997DFB500E4FD3B /* CountriesListDataSource.swift */; };
		A4ECE94A2997DFC600E4FD3B /* CountriesListRepository.swift in Sources */ = {isa = PBXBuildFile; fileRef = A4ECE9492997DFC600E4FD3B /* CountriesListRepository.swift */; };
		A4ECE94C2997ED2A00E4FD3B /* UITableView+Ext.swift in Sources */ = {isa = PBXBuildFile; fileRef = A4ECE94B2997ED2A00E4FD3B /* UITableView+Ext.swift */; };
		A4ECE94F29981AEB00E4FD3B /* CountryDetailView.swift in Sources */ = {isa = PBXBuildFile; fileRef = A4ECE94E29981AEB00E4FD3B /* CountryDetailView.swift */; };
		A4ECE95129981CFC00E4FD3B /* UIImage+Ext.swift in Sources */ = {isa = PBXBuildFile; fileRef = A4ECE95029981CFC00E4FD3B /* UIImage+Ext.swift */; };
		A4ECE95329981EDB00E4FD3B /* CountryDetailViewController.swift in Sources */ = {isa = PBXBuildFile; fileRef = A4ECE95229981EDB00E4FD3B /* CountryDetailViewController.swift */; };
		A4ECE9572999532600E4FD3B /* Language.swift in Sources */ = {isa = PBXBuildFile; fileRef = A4ECE9562999532600E4FD3B /* Language.swift */; };
		A4ECE9592999550000E4FD3B /* Translation.swift in Sources */ = {isa = PBXBuildFile; fileRef = A4ECE9582999550000E4FD3B /* Translation.swift */; };
		A4ECE95D2999616000E4FD3B /* CountryModel.swift in Sources */ = {isa = PBXBuildFile; fileRef = A4ECE95C2999616000E4FD3B /* CountryModel.swift */; };
		A4ECE95F29996C1600E4FD3B /* LanguageMapping.swift in Sources */ = {isa = PBXBuildFile; fileRef = A4ECE95E29996C1600E4FD3B /* LanguageMapping.swift */; };
/* End PBXBuildFile section */

/* Begin PBXFileReference section */
		A4E74E012996BAC100981407 /* CountriesApp.app */ = {isa = PBXFileReference; explicitFileType = wrapper.application; includeInIndex = 0; path = CountriesApp.app; sourceTree = BUILT_PRODUCTS_DIR; };
		A4E74E042996BAC100981407 /* AppDelegate.swift */ = {isa = PBXFileReference; lastKnownFileType = sourcecode.swift; path = AppDelegate.swift; sourceTree = "<group>"; };
		A4E74E062996BAC100981407 /* SceneDelegate.swift */ = {isa = PBXFileReference; lastKnownFileType = sourcecode.swift; path = SceneDelegate.swift; sourceTree = "<group>"; };
		A4E74E082996BAC100981407 /* CountriesListPresenter.swift */ = {isa = PBXFileReference; lastKnownFileType = sourcecode.swift; path = CountriesListPresenter.swift; sourceTree = "<group>"; };
		A4E74E0D2996BAC300981407 /* Assets.xcassets */ = {isa = PBXFileReference; lastKnownFileType = folder.assetcatalog; path = Assets.xcassets; sourceTree = "<group>"; };
		A4E74E122996BAC300981407 /* Info.plist */ = {isa = PBXFileReference; lastKnownFileType = text.plist.xml; path = Info.plist; sourceTree = "<group>"; };
		A4E74E1C2996BCC900981407 /* Country.swift */ = {isa = PBXFileReference; lastKnownFileType = sourcecode.swift; path = Country.swift; sourceTree = "<group>"; };
		A4E74E1F2996CB8200981407 /* Request.swift */ = {isa = PBXFileReference; lastKnownFileType = sourcecode.swift; path = Request.swift; sourceTree = "<group>"; };
		A4E74E212996CEB600981407 /* Network.swift */ = {isa = PBXFileReference; lastKnownFileType = sourcecode.swift; path = Network.swift; sourceTree = "<group>"; };
		A4E74E232996D33400981407 /* Service.swift */ = {isa = PBXFileReference; lastKnownFileType = sourcecode.swift; path = Service.swift; sourceTree = "<group>"; };
		A4ECE93B2997D56200E4FD3B /* Collection+Ext.swift */ = {isa = PBXFileReference; lastKnownFileType = sourcecode.swift; path = "Collection+Ext.swift"; sourceTree = "<group>"; };
		A4ECE93F2997DF1C00E4FD3B /* CountriesListProtocols.swift */ = {isa = PBXFileReference; lastKnownFileType = sourcecode.swift; path = CountriesListProtocols.swift; sourceTree = "<group>"; };
		A4ECE9412997DF6A00E4FD3B /* CountriesListState.swift */ = {isa = PBXFileReference; lastKnownFileType = sourcecode.swift; path = CountriesListState.swift; sourceTree = "<group>"; };
		A4ECE9432997DF8100E4FD3B /* CountriesListViewController.swift */ = {isa = PBXFileReference; lastKnownFileType = sourcecode.swift; path = CountriesListViewController.swift; sourceTree = "<group>"; };
		A4ECE9452997DF9A00E4FD3B /* CountriesListView.swift */ = {isa = PBXFileReference; lastKnownFileType = sourcecode.swift; path = CountriesListView.swift; sourceTree = "<group>"; };
		A4ECE9472997DFB500E4FD3B /* CountriesListDataSource.swift */ = {isa = PBXFileReference; lastKnownFileType = sourcecode.swift; path = CountriesListDataSource.swift; sourceTree = "<group>"; };
		A4ECE9492997DFC600E4FD3B /* CountriesListRepository.swift */ = {isa = PBXFileReference; lastKnownFileType = sourcecode.swift; path = CountriesListRepository.swift; sourceTree = "<group>"; };
		A4ECE94B2997ED2A00E4FD3B /* UITableView+Ext.swift */ = {isa = PBXFileReference; lastKnownFileType = sourcecode.swift; path = "UITableView+Ext.swift"; sourceTree = "<group>"; };
		A4ECE94E29981AEB00E4FD3B /* CountryDetailView.swift */ = {isa = PBXFileReference; lastKnownFileType = sourcecode.swift; path = CountryDetailView.swift; sourceTree = "<group>"; };
		A4ECE95029981CFC00E4FD3B /* UIImage+Ext.swift */ = {isa = PBXFileReference; lastKnownFileType = sourcecode.swift; path = "UIImage+Ext.swift"; sourceTree = "<group>"; };
		A4ECE95229981EDB00E4FD3B /* CountryDetailViewController.swift */ = {isa = PBXFileReference; lastKnownFileType = sourcecode.swift; path = CountryDetailViewController.swift; sourceTree = "<group>"; };
		A4ECE9562999532600E4FD3B /* Language.swift */ = {isa = PBXFileReference; lastKnownFileType = sourcecode.swift; path = Language.swift; sourceTree = "<group>"; };
		A4ECE9582999550000E4FD3B /* Translation.swift */ = {isa = PBXFileReference; lastKnownFileType = sourcecode.swift; path = Translation.swift; sourceTree = "<group>"; };
		A4ECE95C2999616000E4FD3B /* CountryModel.swift */ = {isa = PBXFileReference; lastKnownFileType = sourcecode.swift; path = CountryModel.swift; sourceTree = "<group>"; };
		A4ECE95E29996C1600E4FD3B /* LanguageMapping.swift */ = {isa = PBXFileReference; lastKnownFileType = sourcecode.swift; path = LanguageMapping.swift; sourceTree = "<group>"; };
		A4ECE961299A7FD800E4FD3B /* Base */ = {isa = PBXFileReference; lastKnownFileType = file.storyboard; name = Base; path = Base.lproj/LaunchScreen.storyboard; sourceTree = "<group>"; };
/* End PBXFileReference section */

/* Begin PBXFrameworksBuildPhase section */
		A4E74DFE2996BAC100981407 /* Frameworks */ = {
			isa = PBXFrameworksBuildPhase;
			buildActionMask = 2147483647;
			files = (
			);
			runOnlyForDeploymentPostprocessing = 0;
		};
/* End PBXFrameworksBuildPhase section */

/* Begin PBXGroup section */
		A4E74DF82996BAC100981407 = {
			isa = PBXGroup;
			children = (
				A4E74E032996BAC100981407 /* CountriesApp */,
				A4E74E022996BAC100981407 /* Products */,
			);
			sourceTree = "<group>";
		};
		A4E74E022996BAC100981407 /* Products */ = {
			isa = PBXGroup;
			children = (
				A4E74E012996BAC100981407 /* CountriesApp.app */,
			);
			name = Products;
			sourceTree = "<group>";
		};
		A4E74E032996BAC100981407 /* CountriesApp */ = {
			isa = PBXGroup;
			children = (
				A4ECE93D2997DEFE00E4FD3B /* Scenes */,
				A4ECE93A2997D54F00E4FD3B /* Extensions */,
				A4E74E1E2996CB6600981407 /* Networking */,
				A4E74E1B2996BCB000981407 /* Models */,
				A4E74E182996BC6A00981407 /* Resources */,
				A4E74E0F2996BAC300981407 /* LaunchScreen.storyboard */,
				A4E74E122996BAC300981407 /* Info.plist */,
				A4ECE95E29996C1600E4FD3B /* LanguageMapping.swift */,
			);
			path = CountriesApp;
			sourceTree = "<group>";
		};
		A4E74E182996BC6A00981407 /* Resources */ = {
			isa = PBXGroup;
			children = (
				A4E74E042996BAC100981407 /* AppDelegate.swift */,
				A4E74E062996BAC100981407 /* SceneDelegate.swift */,
				A4E74E0D2996BAC300981407 /* Assets.xcassets */,
			);
			path = Resources;
			sourceTree = "<group>";
		};
		A4E74E1B2996BCB000981407 /* Models */ = {
			isa = PBXGroup;
			children = (
				A4E74E1C2996BCC900981407 /* Country.swift */,
				A4ECE9562999532600E4FD3B /* Language.swift */,
				A4ECE9582999550000E4FD3B /* Translation.swift */,
				A4ECE95C2999616000E4FD3B /* CountryModel.swift */,
			);
			path = Models;
			sourceTree = "<group>";
		};
		A4E74E1E2996CB6600981407 /* Networking */ = {
			isa = PBXGroup;
			children = (
				A4E74E1F2996CB8200981407 /* Request.swift */,
				A4E74E212996CEB600981407 /* Network.swift */,
				A4E74E232996D33400981407 /* Service.swift */,
			);
			path = Networking;
			sourceTree = "<group>";
		};
		A4ECE93A2997D54F00E4FD3B /* Extensions */ = {
			isa = PBXGroup;
			children = (
				A4ECE93B2997D56200E4FD3B /* Collection+Ext.swift */,
				A4ECE94B2997ED2A00E4FD3B /* UITableView+Ext.swift */,
				A4ECE95029981CFC00E4FD3B /* UIImage+Ext.swift */,
			);
			path = Extensions;
			sourceTree = "<group>";
		};
		A4ECE93D2997DEFE00E4FD3B /* Scenes */ = {
			isa = PBXGroup;
			children = (
				A4ECE94D29981ADE00E4FD3B /* CountryDetail */,
				A4ECE93E2997DF0800E4FD3B /* CountriesList */,
			);
			path = Scenes;
			sourceTree = "<group>";
		};
		A4ECE93E2997DF0800E4FD3B /* CountriesList */ = {
			isa = PBXGroup;
			children = (
				A4ECE93F2997DF1C00E4FD3B /* CountriesListProtocols.swift */,
				A4ECE9412997DF6A00E4FD3B /* CountriesListState.swift */,
				A4ECE9432997DF8100E4FD3B /* CountriesListViewController.swift */,
				A4ECE9452997DF9A00E4FD3B /* CountriesListView.swift */,
				A4ECE9472997DFB500E4FD3B /* CountriesListDataSource.swift */,
				A4ECE9492997DFC600E4FD3B /* CountriesListRepository.swift */,
				A4E74E082996BAC100981407 /* CountriesListPresenter.swift */,
			);
			path = CountriesList;
			sourceTree = "<group>";
		};
		A4ECE94D29981ADE00E4FD3B /* CountryDetail */ = {
			isa = PBXGroup;
			children = (
				A4ECE94E29981AEB00E4FD3B /* CountryDetailView.swift */,
				A4ECE95229981EDB00E4FD3B /* CountryDetailViewController.swift */,
			);
			path = CountryDetail;
			sourceTree = "<group>";
		};
/* End PBXGroup section */

/* Begin PBXNativeTarget section */
		A4E74E002996BAC100981407 /* CountriesApp */ = {
			isa = PBXNativeTarget;
			buildConfigurationList = A4E74E152996BAC300981407 /* Build configuration list for PBXNativeTarget "CountriesApp" */;
			buildPhases = (
				A4E74DFD2996BAC100981407 /* Sources */,
				A4E74DFE2996BAC100981407 /* Frameworks */,
				A4E74DFF2996BAC100981407 /* Resources */,
			);
			buildRules = (
			);
			dependencies = (
			);
			name = CountriesApp;
			productName = CountriesApp;
			productReference = A4E74E012996BAC100981407 /* CountriesApp.app */;
			productType = "com.apple.product-type.application";
		};
/* End PBXNativeTarget section */

/* Begin PBXProject section */
		A4E74DF92996BAC100981407 /* Project object */ = {
			isa = PBXProject;
			attributes = {
				BuildIndependentTargetsInParallel = 1;
				LastSwiftUpdateCheck = 1420;
				LastUpgradeCheck = 1420;
				TargetAttributes = {
					A4E74E002996BAC100981407 = {
						CreatedOnToolsVersion = 14.2;
					};
				};
			};
			buildConfigurationList = A4E74DFC2996BAC100981407 /* Build configuration list for PBXProject "CountriesApp" */;
			compatibilityVersion = "Xcode 14.0";
			developmentRegion = en;
			hasScannedForEncodings = 0;
			knownRegions = (
				en,
				Base,
			);
			mainGroup = A4E74DF82996BAC100981407;
			productRefGroup = A4E74E022996BAC100981407 /* Products */;
			projectDirPath = "";
			projectRoot = "";
			targets = (
				A4E74E002996BAC100981407 /* CountriesApp */,
			);
		};
/* End PBXProject section */

/* Begin PBXResourcesBuildPhase section */
		A4E74DFF2996BAC100981407 /* Resources */ = {
			isa = PBXResourcesBuildPhase;
			buildActionMask = 2147483647;
			files = (
				A4E74E112996BAC300981407 /* LaunchScreen.storyboard in Resources */,
				A4E74E0E2996BAC300981407 /* Assets.xcassets in Resources */,
			);
			runOnlyForDeploymentPostprocessing = 0;
		};
/* End PBXResourcesBuildPhase section */

/* Begin PBXSourcesBuildPhase section */
		A4E74DFD2996BAC100981407 /* Sources */ = {
			isa = PBXSourcesBuildPhase;
			buildActionMask = 2147483647;
			files = (
				A4E74E1D2996BCC900981407 /* Country.swift in Sources */,
				A4ECE9462997DF9A00E4FD3B /* CountriesListView.swift in Sources */,
				A4E74E242996D33400981407 /* Service.swift in Sources */,
				A4ECE9482997DFB500E4FD3B /* CountriesListDataSource.swift in Sources */,
				A4ECE94F29981AEB00E4FD3B /* CountryDetailView.swift in Sources */,
				A4ECE9572999532600E4FD3B /* Language.swift in Sources */,
				A4ECE9422997DF6A00E4FD3B /* CountriesListState.swift in Sources */,
				A4ECE95329981EDB00E4FD3B /* CountryDetailViewController.swift in Sources */,
				A4E74E092996BAC100981407 /* CountriesListPresenter.swift in Sources */,
				A4ECE94A2997DFC600E4FD3B /* CountriesListRepository.swift in Sources */,
				A4E74E222996CEB600981407 /* Network.swift in Sources */,
				A4E74E202996CB8200981407 /* Request.swift in Sources */,
				A4ECE95F29996C1600E4FD3B /* LanguageMapping.swift in Sources */,
				A4E74E052996BAC100981407 /* AppDelegate.swift in Sources */,
				A4ECE95129981CFC00E4FD3B /* UIImage+Ext.swift in Sources */,
				A4ECE95D2999616000E4FD3B /* CountryModel.swift in Sources */,
				A4E74E072996BAC100981407 /* SceneDelegate.swift in Sources */,
				A4ECE9442997DF8100E4FD3B /* CountriesListViewController.swift in Sources */,
				A4ECE94C2997ED2A00E4FD3B /* UITableView+Ext.swift in Sources */,
				A4ECE9402997DF1C00E4FD3B /* CountriesListProtocols.swift in Sources */,
				A4ECE93C2997D56200E4FD3B /* Collection+Ext.swift in Sources */,
				A4ECE9592999550000E4FD3B /* Translation.swift in Sources */,
			);
			runOnlyForDeploymentPostprocessing = 0;
		};
/* End PBXSourcesBuildPhase section */

/* Begin PBXVariantGroup section */
		A4E74E0F2996BAC300981407 /* LaunchScreen.storyboard */ = {
			isa = PBXVariantGroup;
			children = (
				A4ECE961299A7FD800E4FD3B /* Base */,
			);
			name = LaunchScreen.storyboard;
			sourceTree = "<group>";
		};
/* End PBXVariantGroup section */

/* Begin XCBuildConfiguration section */
		A4E74E132996BAC300981407 /* Debug */ = {
			isa = XCBuildConfiguration;
			buildSettings = {
				ALWAYS_SEARCH_USER_PATHS = NO;
				CLANG_ANALYZER_NONNULL = YES;
				CLANG_ANALYZER_NUMBER_OBJECT_CONVERSION = YES_AGGRESSIVE;
				CLANG_CXX_LANGUAGE_STANDARD = "gnu++20";
				CLANG_ENABLE_MODULES = YES;
				CLANG_ENABLE_OBJC_ARC = YES;
				CLANG_ENABLE_OBJC_WEAK = YES;
				CLANG_WARN_BLOCK_CAPTURE_AUTORELEASING = YES;
				CLANG_WARN_BOOL_CONVERSION = YES;
				CLANG_WARN_COMMA = YES;
				CLANG_WARN_CONSTANT_CONVERSION = YES;
				CLANG_WARN_DEPRECATED_OBJC_IMPLEMENTATIONS = YES;
				CLANG_WARN_DIRECT_OBJC_ISA_USAGE = YES_ERROR;
				CLANG_WARN_DOCUMENTATION_COMMENTS = YES;
				CLANG_WARN_EMPTY_BODY = YES;
				CLANG_WARN_ENUM_CONVERSION = YES;
				CLANG_WARN_INFINITE_RECURSION = YES;
				CLANG_WARN_INT_CONVERSION = YES;
				CLANG_WARN_NON_LITERAL_NULL_CONVERSION = YES;
				CLANG_WARN_OBJC_IMPLICIT_RETAIN_SELF = YES;
				CLANG_WARN_OBJC_LITERAL_CONVERSION = YES;
				CLANG_WARN_OBJC_ROOT_CLASS = YES_ERROR;
				CLANG_WARN_QUOTED_INCLUDE_IN_FRAMEWORK_HEADER = YES;
				CLANG_WARN_RANGE_LOOP_ANALYSIS = YES;
				CLANG_WARN_STRICT_PROTOTYPES = YES;
				CLANG_WARN_SUSPICIOUS_MOVE = YES;
				CLANG_WARN_UNGUARDED_AVAILABILITY = YES_AGGRESSIVE;
				CLANG_WARN_UNREACHABLE_CODE = YES;
				CLANG_WARN__DUPLICATE_METHOD_MATCH = YES;
				COPY_PHASE_STRIP = NO;
				DEBUG_INFORMATION_FORMAT = dwarf;
				ENABLE_STRICT_OBJC_MSGSEND = YES;
				ENABLE_TESTABILITY = YES;
				GCC_C_LANGUAGE_STANDARD = gnu11;
				GCC_DYNAMIC_NO_PIC = NO;
				GCC_NO_COMMON_BLOCKS = YES;
				GCC_OPTIMIZATION_LEVEL = 0;
				GCC_PREPROCESSOR_DEFINITIONS = (
					"DEBUG=1",
					"$(inherited)",
				);
				GCC_WARN_64_TO_32_BIT_CONVERSION = YES;
				GCC_WARN_ABOUT_RETURN_TYPE = YES_ERROR;
				GCC_WARN_UNDECLARED_SELECTOR = YES;
				GCC_WARN_UNINITIALIZED_AUTOS = YES_AGGRESSIVE;
				GCC_WARN_UNUSED_FUNCTION = YES;
				GCC_WARN_UNUSED_VARIABLE = YES;
				IPHONEOS_DEPLOYMENT_TARGET = 15.1;
				MTL_ENABLE_DEBUG_INFO = INCLUDE_SOURCE;
				MTL_FAST_MATH = YES;
				ONLY_ACTIVE_ARCH = YES;
				SDKROOT = iphoneos;
				SWIFT_ACTIVE_COMPILATION_CONDITIONS = DEBUG;
				SWIFT_OPTIMIZATION_LEVEL = "-Onone";
			};
			name = Debug;
		};
		A4E74E142996BAC300981407 /* Release */ = {
			isa = XCBuildConfiguration;
			buildSettings = {
				ALWAYS_SEARCH_USER_PATHS = NO;
				CLANG_ANALYZER_NONNULL = YES;
				CLANG_ANALYZER_NUMBER_OBJECT_CONVERSION = YES_AGGRESSIVE;
				CLANG_CXX_LANGUAGE_STANDARD = "gnu++20";
				CLANG_ENABLE_MODULES = YES;
				CLANG_ENABLE_OBJC_ARC = YES;
				CLANG_ENABLE_OBJC_WEAK = YES;
				CLANG_WARN_BLOCK_CAPTURE_AUTORELEASING = YES;
				CLANG_WARN_BOOL_CONVERSION = YES;
				CLANG_WARN_COMMA = YES;
				CLANG_WARN_CONSTANT_CONVERSION = YES;
				CLANG_WARN_DEPRECATED_OBJC_IMPLEMENTATIONS = YES;
				CLANG_WARN_DIRECT_OBJC_ISA_USAGE = YES_ERROR;
				CLANG_WARN_DOCUMENTATION_COMMENTS = YES;
				CLANG_WARN_EMPTY_BODY = YES;
				CLANG_WARN_ENUM_CONVERSION = YES;
				CLANG_WARN_INFINITE_RECURSION = YES;
				CLANG_WARN_INT_CONVERSION = YES;
				CLANG_WARN_NON_LITERAL_NULL_CONVERSION = YES;
				CLANG_WARN_OBJC_IMPLICIT_RETAIN_SELF = YES;
				CLANG_WARN_OBJC_LITERAL_CONVERSION = YES;
				CLANG_WARN_OBJC_ROOT_CLASS = YES_ERROR;
				CLANG_WARN_QUOTED_INCLUDE_IN_FRAMEWORK_HEADER = YES;
				CLANG_WARN_RANGE_LOOP_ANALYSIS = YES;
				CLANG_WARN_STRICT_PROTOTYPES = YES;
				CLANG_WARN_SUSPICIOUS_MOVE = YES;
				CLANG_WARN_UNGUARDED_AVAILABILITY = YES_AGGRESSIVE;
				CLANG_WARN_UNREACHABLE_CODE = YES;
				CLANG_WARN__DUPLICATE_METHOD_MATCH = YES;
				COPY_PHASE_STRIP = NO;
				DEBUG_INFORMATION_FORMAT = "dwarf-with-dsym";
				ENABLE_NS_ASSERTIONS = NO;
				ENABLE_STRICT_OBJC_MSGSEND = YES;
				GCC_C_LANGUAGE_STANDARD = gnu11;
				GCC_NO_COMMON_BLOCKS = YES;
				GCC_WARN_64_TO_32_BIT_CONVERSION = YES;
				GCC_WARN_ABOUT_RETURN_TYPE = YES_ERROR;
				GCC_WARN_UNDECLARED_SELECTOR = YES;
				GCC_WARN_UNINITIALIZED_AUTOS = YES_AGGRESSIVE;
				GCC_WARN_UNUSED_FUNCTION = YES;
				GCC_WARN_UNUSED_VARIABLE = YES;
				IPHONEOS_DEPLOYMENT_TARGET = 15.1;
				MTL_ENABLE_DEBUG_INFO = NO;
				MTL_FAST_MATH = YES;
				SDKROOT = iphoneos;
				SWIFT_COMPILATION_MODE = wholemodule;
				SWIFT_OPTIMIZATION_LEVEL = "-O";
				VALIDATE_PRODUCT = YES;
			};
			name = Release;
		};
		A4E74E162996BAC300981407 /* Debug */ = {
			isa = XCBuildConfiguration;
			buildSettings = {
				ASSETCATALOG_COMPILER_APPICON_NAME = AppIcon;
				ASSETCATALOG_COMPILER_GLOBAL_ACCENT_COLOR_NAME = AccentColor;
				CODE_SIGN_STYLE = Automatic;
				CURRENT_PROJECT_VERSION = 1;
				DEVELOPMENT_TEAM = J3Q7HWN3W7;
				GENERATE_INFOPLIST_FILE = YES;
				INFOPLIST_FILE = CountriesApp/Info.plist;
				INFOPLIST_KEY_UIApplicationSupportsIndirectInputEvents = YES;
				INFOPLIST_KEY_UILaunchStoryboardName = LaunchScreen;
				INFOPLIST_KEY_UISupportedInterfaceOrientations_iPad = "UIInterfaceOrientationPortrait UIInterfaceOrientationPortraitUpsideDown UIInterfaceOrientationLandscapeLeft UIInterfaceOrientationLandscapeRight";
				INFOPLIST_KEY_UISupportedInterfaceOrientations_iPhone = "UIInterfaceOrientationPortrait UIInterfaceOrientationLandscapeLeft UIInterfaceOrientationLandscapeRight";
				LD_RUNPATH_SEARCH_PATHS = (
					"$(inherited)",
					"@executable_path/Frameworks",
				);
				MARKETING_VERSION = 1.0;
				PRODUCT_BUNDLE_IDENTIFIER = com.gustavo.anjos.CountriesApp;
				PRODUCT_NAME = "$(TARGET_NAME)";
				SWIFT_EMIT_LOC_STRINGS = YES;
				SWIFT_VERSION = 5.0;
				TARGETED_DEVICE_FAMILY = "1,2";
			};
			name = Debug;
		};
		A4E74E172996BAC300981407 /* Release */ = {
			isa = XCBuildConfiguration;
			buildSettings = {
				ASSETCATALOG_COMPILER_APPICON_NAME = AppIcon;
				ASSETCATALOG_COMPILER_GLOBAL_ACCENT_COLOR_NAME = AccentColor;
				CODE_SIGN_STYLE = Automatic;
				CURRENT_PROJECT_VERSION = 1;
				DEVELOPMENT_TEAM = J3Q7HWN3W7;
				GENERATE_INFOPLIST_FILE = YES;
				INFOPLIST_FILE = CountriesApp/Info.plist;
				INFOPLIST_KEY_UIApplicationSupportsIndirectInputEvents = YES;
				INFOPLIST_KEY_UILaunchStoryboardName = LaunchScreen;
				INFOPLIST_KEY_UISupportedInterfaceOrientations_iPad = "UIInterfaceOrientationPortrait UIInterfaceOrientationPortraitUpsideDown UIInterfaceOrientationLandscapeLeft UIInterfaceOrientationLandscapeRight";
				INFOPLIST_KEY_UISupportedInterfaceOrientations_iPhone = "UIInterfaceOrientationPortrait UIInterfaceOrientationLandscapeLeft UIInterfaceOrientationLandscapeRight";
				LD_RUNPATH_SEARCH_PATHS = (
					"$(inherited)",
					"@executable_path/Frameworks",
				);
				MARKETING_VERSION = 1.0;
				PRODUCT_BUNDLE_IDENTIFIER = com.gustavo.anjos.CountriesApp;
				PRODUCT_NAME = "$(TARGET_NAME)";
				SWIFT_EMIT_LOC_STRINGS = YES;
				SWIFT_VERSION = 5.0;
				TARGETED_DEVICE_FAMILY = "1,2";
			};
			name = Release;
		};
/* End XCBuildConfiguration section */

/* Begin XCConfigurationList section */
		A4E74DFC2996BAC100981407 /* Build configuration list for PBXProject "CountriesApp" */ = {
			isa = XCConfigurationList;
			buildConfigurations = (
				A4E74E132996BAC300981407 /* Debug */,
				A4E74E142996BAC300981407 /* Release */,
			);
			defaultConfigurationIsVisible = 0;
			defaultConfigurationName = Release;
		};
		A4E74E152996BAC300981407 /* Build configuration list for PBXNativeTarget "CountriesApp" */ = {
			isa = XCConfigurationList;
			buildConfigurations = (
				A4E74E162996BAC300981407 /* Debug */,
				A4E74E172996BAC300981407 /* Release */,
			);
			defaultConfigurationIsVisible = 0;
			defaultConfigurationName = Release;
		};
/* End XCConfigurationList section */
	};
	rootObject = A4E74DF92996BAC100981407 /* Project object */;
}
